
Microsoft Visual Studio Solution File, Format Version 12.00
# Visual Studio Version 17
VisualStudioVersion = 17.2.32505.173
MinimumVisualStudioVersion = 10.0.40219.1
Project("{9A19103F-16F7-4668-BE54-9A1E7A4F7556}") = "CoreMvcVuePractice", "CoreMvcVuePractice\CoreMvcVuePractice.csproj", "{801B84C3-8DC2-4438-A761-8B60BDFDAE2C}"
EndProject
Project("{FAE04EC0-301F-11D3-BF4B-00C04F79EFBC}") = "CoreMvcVuePractice.Test", "CoreMvcVuePractice.Test\CoreMvcVuePractice.Test.csproj", "{B77C4FB3-8926-478E-BFDC-03E750C29362}"
EndProject
Global
	GlobalSection(SolutionConfigurationPlatforms) = preSolution
		Debug|Any CPU = Debug|Any CPU
		Release|Any CPU = Release|Any CPU
	EndGlobalSection
	GlobalSection(ProjectConfigurationPlatforms) = postSolution
		{801B84C3-8DC2-4438-A761-8B60BDFDAE2C}.Debug|Any CPU.ActiveCfg = Debug|Any CPU
		{801B84C3-8DC2-4438-A761-8B60BDFDAE2C}.Debug|Any CPU.Build.0 = Debug|Any CPU
		{801B84C3-8DC2-4438-A761-8B60BDFDAE2C}.Release|Any CPU.ActiveCfg = Release|Any CPU
		{801B84C3-8DC2-4438-A761-8B60BDFDAE2C}.Release|Any CPU.Build.0 = Release|Any CPU
		{B77C4FB3-8926-478E-BFDC-03E750C29362}.Debug|Any CPU.ActiveCfg = Debug|Any CPU
		{B77C4FB3-8926-478E-BFDC-03E750C29362}.Debug|Any CPU.Build.0 = Debug|Any CPU
		{B77C4FB3-8926-478E-BFDC-03E750C29362}.Release|Any CPU.ActiveCfg = Release|Any CPU
		{B77C4FB3-8926-478E-BFDC-03E750C29362}.Release|Any CPU.Build.0 = Release|Any CPU
	EndGlobalSection
	GlobalSection(SolutionProperties) = preSolution
		HideSolutionNode = FALSE
	EndGlobalSection
	GlobalSection(ExtensibilityGlobals) = postSolution
		SolutionGuid = {47C7B001-C603-49C3-9699-1795360448E8}
	EndGlobalSection
EndGlobal
